
Microsoft Visual Studio Solution File, Format Version 12.00
# Visual Studio Version 17
VisualStudioVersion = 17.5.33516.290
MinimumVisualStudioVersion = 10.0.40219.1
Project("{FAE04EC0-301F-11D3-BF4B-00C04F79EFBC}") = "TatetiProject", "TatetiProject\TatetiProject.csproj", "{55BE1C70-B200-439B-BF32-FB26B0BD3755}"
EndProject
Global
	GlobalSection(SolutionConfigurationPlatforms) = preSolution
		Debug|Any CPU = Debug|Any CPU
		Release|Any CPU = Release|Any CPU
	EndGlobalSection
	GlobalSection(ProjectConfigurationPlatforms) = postSolution
		{55BE1C70-B200-439B-BF32-FB26B0BD3755}.Debug|Any CPU.ActiveCfg = Debug|Any CPU
		{55BE1C70-B200-439B-BF32-FB26B0BD3755}.Debug|Any CPU.Build.0 = Debug|Any CPU
		{55BE1C70-B200-439B-BF32-FB26B0BD3755}.Release|Any CPU.ActiveCfg = Release|Any CPU
		{55BE1C70-B200-439B-BF32-FB26B0BD3755}.Release|Any CPU.Build.0 = Release|Any CPU
	EndGlobalSection
	GlobalSection(SolutionProperties) = preSolution
		HideSolutionNode = FALSE
	EndGlobalSection
	GlobalSection(ExtensibilityGlobals) = postSolution
		SolutionGuid = {91F6F252-8FB2-4610-BACE-7B11D55AB8BF}
	EndGlobalSection
EndGlobal
